// !$*UTF8*$!
{
	archiveVersion = 1;
	classes = {
	};
	objectVersion = 55;
	objects = {

/* Begin PBXBuildFile section */
		BC50B1CB283387B2002E969E /* PaceKeeperApp.swift in Sources */ = {isa = PBXBuildFile; fileRef = BC50B1CA283387B2002E969E /* PaceKeeperApp.swift */; };
		BC50B1CD283387B2002E969E /* ContentView.swift in Sources */ = {isa = PBXBuildFile; fileRef = BC50B1CC283387B2002E969E /* ContentView.swift */; };
		BC50B1CF283387B6002E969E /* Assets.xcassets in Resources */ = {isa = PBXBuildFile; fileRef = BC50B1CE283387B6002E969E /* Assets.xcassets */; };
		BC50B1D2283387B6002E969E /* Preview Assets.xcassets in Resources */ = {isa = PBXBuildFile; fileRef = BC50B1D1283387B6002E969E /* Preview Assets.xcassets */; };
		BC50B1D9283388C9002E969E /* MainView.swift in Sources */ = {isa = PBXBuildFile; fileRef = BC50B1D8283388C9002E969E /* MainView.swift */; };
		BC50B1DB283388D8002E969E /* ResultView.swift in Sources */ = {isa = PBXBuildFile; fileRef = BC50B1DA283388D8002E969E /* ResultView.swift */; };
		BC50B1DD2834D695002E969E /* ColorExtension.swift in Sources */ = {isa = PBXBuildFile; fileRef = BC50B1DC2834D695002E969E /* ColorExtension.swift */; };
		BC50B1E328370F63002E969E /* PopupView in Frameworks */ = {isa = PBXBuildFile; productRef = BC50B1E228370F63002E969E /* PopupView */; };
		BC9E3FF0283AFB4900AC5E77 /* HapticManager.swift in Sources */ = {isa = PBXBuildFile; fileRef = BC9E3FEF283AFB4800AC5E77 /* HapticManager.swift */; };
		BC9E3FF2283C550B00AC5E77 /* SoundManager.swift in Sources */ = {isa = PBXBuildFile; fileRef = BC9E3FF1283C550B00AC5E77 /* SoundManager.swift */; };
		BC9E3FFA283D11CE00AC5E77 /* LowerSound.mp3 in Resources */ = {isa = PBXBuildFile; fileRef = BC9E3FF8283D11CE00AC5E77 /* LowerSound.mp3 */; };
		BC9E3FFB283D11CE00AC5E77 /* HigherSound.mp3 in Resources */ = {isa = PBXBuildFile; fileRef = BC9E3FF9283D11CE00AC5E77 /* HigherSound.mp3 */; };
		BC9E3FFD283DA85800AC5E77 /* TimerProcess.swift in Sources */ = {isa = PBXBuildFile; fileRef = BC9E3FFC283DA85800AC5E77 /* TimerProcess.swift */; };
		BC9E4001283DCDB100AC5E77 /* Data.swift in Sources */ = {isa = PBXBuildFile; fileRef = BC9E4000283DCDB100AC5E77 /* Data.swift */; };
		BC9E4003283F8FC900AC5E77 /* Test.swift in Sources */ = {isa = PBXBuildFile; fileRef = BC9E4002283F8FC900AC5E77 /* Test.swift */; };
		BC9E40082844F6FA00AC5E77 /* MapView.swift in Sources */ = {isa = PBXBuildFile; fileRef = BC9E40072844F6FA00AC5E77 /* MapView.swift */; };
		BC9E400B28458F8900AC5E77 /* Charts in Frameworks */ = {isa = PBXBuildFile; productRef = BC9E400A28458F8900AC5E77 /* Charts */; };
		BC9E400D2845900400AC5E77 /* ChartView.swift in Sources */ = {isa = PBXBuildFile; fileRef = BC9E400C2845900400AC5E77 /* ChartView.swift */; };
		BCC605D7286C7BB9004FD48F /* InitView.swift in Sources */ = {isa = PBXBuildFile; fileRef = BCC605D6286C7BB9004FD48F /* InitView.swift */; };
/* End PBXBuildFile section */

/* Begin PBXFileReference section */
		BC50B1C7283387B2002E969E /* PaceKeeper.app */ = {isa = PBXFileReference; explicitFileType = wrapper.application; includeInIndex = 0; path = PaceKeeper.app; sourceTree = BUILT_PRODUCTS_DIR; };
		BC50B1CA283387B2002E969E /* PaceKeeperApp.swift */ = {isa = PBXFileReference; lastKnownFileType = sourcecode.swift; path = PaceKeeperApp.swift; sourceTree = "<group>"; };
		BC50B1CC283387B2002E969E /* ContentView.swift */ = {isa = PBXFileReference; lastKnownFileType = sourcecode.swift; path = ContentView.swift; sourceTree = "<group>"; };
		BC50B1CE283387B6002E969E /* Assets.xcassets */ = {isa = PBXFileReference; lastKnownFileType = folder.assetcatalog; path = Assets.xcassets; sourceTree = "<group>"; };
		BC50B1D1283387B6002E969E /* Preview Assets.xcassets */ = {isa = PBXFileReference; lastKnownFileType = folder.assetcatalog; path = "Preview Assets.xcassets"; sourceTree = "<group>"; };
		BC50B1D8283388C9002E969E /* MainView.swift */ = {isa = PBXFileReference; lastKnownFileType = sourcecode.swift; path = MainView.swift; sourceTree = "<group>"; };
		BC50B1DA283388D8002E969E /* ResultView.swift */ = {isa = PBXFileReference; lastKnownFileType = sourcecode.swift; path = ResultView.swift; sourceTree = "<group>"; };
		BC50B1DC2834D695002E969E /* ColorExtension.swift */ = {isa = PBXFileReference; lastKnownFileType = sourcecode.swift; path = ColorExtension.swift; sourceTree = "<group>"; };
		BC9E3FEF283AFB4800AC5E77 /* HapticManager.swift */ = {isa = PBXFileReference; lastKnownFileType = sourcecode.swift; path = HapticManager.swift; sourceTree = "<group>"; };
		BC9E3FF1283C550B00AC5E77 /* SoundManager.swift */ = {isa = PBXFileReference; lastKnownFileType = sourcecode.swift; path = SoundManager.swift; sourceTree = "<group>"; };
		BC9E3FF8283D11CE00AC5E77 /* LowerSound.mp3 */ = {isa = PBXFileReference; lastKnownFileType = audio.mp3; path = LowerSound.mp3; sourceTree = "<group>"; };
		BC9E3FF9283D11CE00AC5E77 /* HigherSound.mp3 */ = {isa = PBXFileReference; lastKnownFileType = audio.mp3; path = HigherSound.mp3; sourceTree = "<group>"; };
		BC9E3FFC283DA85800AC5E77 /* TimerProcess.swift */ = {isa = PBXFileReference; lastKnownFileType = sourcecode.swift; path = TimerProcess.swift; sourceTree = "<group>"; };
		BC9E4000283DCDB100AC5E77 /* Data.swift */ = {isa = PBXFileReference; lastKnownFileType = sourcecode.swift; path = Data.swift; sourceTree = "<group>"; };
		BC9E4002283F8FC900AC5E77 /* Test.swift */ = {isa = PBXFileReference; lastKnownFileType = sourcecode.swift; path = Test.swift; sourceTree = "<group>"; };
		BC9E40042842505100AC5E77 /* Info.plist */ = {isa = PBXFileReference; lastKnownFileType = text.plist; path = Info.plist; sourceTree = "<group>"; };
		BC9E40072844F6FA00AC5E77 /* MapView.swift */ = {isa = PBXFileReference; lastKnownFileType = sourcecode.swift; path = MapView.swift; sourceTree = "<group>"; };
		BC9E400C2845900400AC5E77 /* ChartView.swift */ = {isa = PBXFileReference; lastKnownFileType = sourcecode.swift; path = ChartView.swift; sourceTree = "<group>"; };
		BCC605D6286C7BB9004FD48F /* InitView.swift */ = {isa = PBXFileReference; lastKnownFileType = sourcecode.swift; path = InitView.swift; sourceTree = "<group>"; };
/* End PBXFileReference section */

/* Begin PBXFrameworksBuildPhase section */
		BC50B1C4283387B2002E969E /* Frameworks */ = {
			isa = PBXFrameworksBuildPhase;
			buildActionMask = 2147483647;
			files = (
				BC50B1E328370F63002E969E /* PopupView in Frameworks */,
				BC9E400B28458F8900AC5E77 /* Charts in Frameworks */,
			);
			runOnlyForDeploymentPostprocessing = 0;
		};
/* End PBXFrameworksBuildPhase section */

/* Begin PBXGroup section */
		BC50B1BE283387B1002E969E = {
			isa = PBXGroup;
			children = (
				BC50B1C9283387B2002E969E /* PaceKeeper */,
				BC50B1C8283387B2002E969E /* Products */,
			);
			sourceTree = "<group>";
		};
		BC50B1C8283387B2002E969E /* Products */ = {
			isa = PBXGroup;
			children = (
				BC50B1C7283387B2002E969E /* PaceKeeper.app */,
			);
			name = Products;
			sourceTree = "<group>";
		};
		BC50B1C9283387B2002E969E /* PaceKeeper */ = {
			isa = PBXGroup;
			children = (
				BC9E40042842505100AC5E77 /* Info.plist */,
				BC9E3FF3283D10D700AC5E77 /* Sounds */,
				BC50B1CA283387B2002E969E /* PaceKeeperApp.swift */,
				BC50B1CC283387B2002E969E /* ContentView.swift */,
				BCC605D6286C7BB9004FD48F /* InitView.swift */,
				BC50B1D8283388C9002E969E /* MainView.swift */,
				BC50B1DA283388D8002E969E /* ResultView.swift */,
				BC9E3FEF283AFB4800AC5E77 /* HapticManager.swift */,
				BC9E3FF1283C550B00AC5E77 /* SoundManager.swift */,
				BC9E3FFC283DA85800AC5E77 /* TimerProcess.swift */,
				BC9E400C2845900400AC5E77 /* ChartView.swift */,
				BC9E40072844F6FA00AC5E77 /* MapView.swift */,
				BC9E4000283DCDB100AC5E77 /* Data.swift */,
				BC50B1DC2834D695002E969E /* ColorExtension.swift */,
				BC9E4002283F8FC900AC5E77 /* Test.swift */,
				BC50B1CE283387B6002E969E /* Assets.xcassets */,
				BC50B1D0283387B6002E969E /* Preview Content */,
			);
			path = PaceKeeper;
			sourceTree = "<group>";
		};
		BC50B1D0283387B6002E969E /* Preview Content */ = {
			isa = PBXGroup;
			children = (
				BC50B1D1283387B6002E969E /* Preview Assets.xcassets */,
			);
			path = "Preview Content";
			sourceTree = "<group>";
		};
		BC9E3FF3283D10D700AC5E77 /* Sounds */ = {
			isa = PBXGroup;
			children = (
				BC9E3FF9283D11CE00AC5E77 /* HigherSound.mp3 */,
				BC9E3FF8283D11CE00AC5E77 /* LowerSound.mp3 */,
			);
			path = Sounds;
			sourceTree = "<group>";
		};
/* End PBXGroup section */

/* Begin PBXNativeTarget section */
		BC50B1C6283387B2002E969E /* PaceKeeper */ = {
			isa = PBXNativeTarget;
			buildConfigurationList = BC50B1D5283387B6002E969E /* Build configuration list for PBXNativeTarget "PaceKeeper" */;
			buildPhases = (
				BC50B1C3283387B2002E969E /* Sources */,
				BC50B1C4283387B2002E969E /* Frameworks */,
				BC50B1C5283387B2002E969E /* Resources */,
			);
			buildRules = (
			);
			dependencies = (
			);
			name = PaceKeeper;
			packageProductDependencies = (
				BC50B1E228370F63002E969E /* PopupView */,
				BC9E400A28458F8900AC5E77 /* Charts */,
			);
			productName = PaceKeeper;
			productReference = BC50B1C7283387B2002E969E /* PaceKeeper.app */;
			productType = "com.apple.product-type.application";
		};
/* End PBXNativeTarget section */

/* Begin PBXProject section */
		BC50B1BF283387B1002E969E /* Project object */ = {
			isa = PBXProject;
			attributes = {
				BuildIndependentTargetsInParallel = 1;
				LastSwiftUpdateCheck = 1330;
				LastUpgradeCheck = 1330;
				TargetAttributes = {
					BC50B1C6283387B2002E969E = {
						CreatedOnToolsVersion = 13.3.1;
					};
				};
			};
			buildConfigurationList = BC50B1C2283387B1002E969E /* Build configuration list for PBXProject "PaceKeeper" */;
			compatibilityVersion = "Xcode 13.0";
			developmentRegion = en;
			hasScannedForEncodings = 0;
			knownRegions = (
				en,
				Base,
			);
			mainGroup = BC50B1BE283387B1002E969E;
			packageReferences = (
				BC50B1E128370F63002E969E /* XCRemoteSwiftPackageReference "PopupView" */,
				BC9E400928458F8900AC5E77 /* XCRemoteSwiftPackageReference "Charts" */,
			);
			productRefGroup = BC50B1C8283387B2002E969E /* Products */;
			projectDirPath = "";
			projectRoot = "";
			targets = (
				BC50B1C6283387B2002E969E /* PaceKeeper */,
			);
		};
/* End PBXProject section */

/* Begin PBXResourcesBuildPhase section */
		BC50B1C5283387B2002E969E /* Resources */ = {
			isa = PBXResourcesBuildPhase;
			buildActionMask = 2147483647;
			files = (
				BC50B1D2283387B6002E969E /* Preview Assets.xcassets in Resources */,
				BC9E3FFB283D11CE00AC5E77 /* HigherSound.mp3 in Resources */,
				BC50B1CF283387B6002E969E /* Assets.xcassets in Resources */,
				BC9E3FFA283D11CE00AC5E77 /* LowerSound.mp3 in Resources */,
			);
			runOnlyForDeploymentPostprocessing = 0;
		};
/* End PBXResourcesBuildPhase section */

/* Begin PBXSourcesBuildPhase section */
		BC50B1C3283387B2002E969E /* Sources */ = {
			isa = PBXSourcesBuildPhase;
			buildActionMask = 2147483647;
			files = (
				BC50B1CD283387B2002E969E /* ContentView.swift in Sources */,
				BC50B1DB283388D8002E969E /* ResultView.swift in Sources */,
				BC50B1D9283388C9002E969E /* MainView.swift in Sources */,
				BC9E40082844F6FA00AC5E77 /* MapView.swift in Sources */,
				BC50B1CB283387B2002E969E /* PaceKeeperApp.swift in Sources */,
				BC9E3FF0283AFB4900AC5E77 /* HapticManager.swift in Sources */,
				BC9E3FFD283DA85800AC5E77 /* TimerProcess.swift in Sources */,
				BC9E3FF2283C550B00AC5E77 /* SoundManager.swift in Sources */,
				BC9E4003283F8FC900AC5E77 /* Test.swift in Sources */,
				BC9E4001283DCDB100AC5E77 /* Data.swift in Sources */,
				BC50B1DD2834D695002E969E /* ColorExtension.swift in Sources */,
				BC9E400D2845900400AC5E77 /* ChartView.swift in Sources */,
				BCC605D7286C7BB9004FD48F /* InitView.swift in Sources */,
			);
			runOnlyForDeploymentPostprocessing = 0;
		};
/* End PBXSourcesBuildPhase section */

/* Begin XCBuildConfiguration section */
		BC50B1D3283387B6002E969E /* Debug */ = {
			isa = XCBuildConfiguration;
			buildSettings = {
				ALWAYS_SEARCH_USER_PATHS = NO;
				CLANG_ANALYZER_NONNULL = YES;
				CLANG_ANALYZER_NUMBER_OBJECT_CONVERSION = YES_AGGRESSIVE;
				CLANG_CXX_LANGUAGE_STANDARD = "gnu++17";
				CLANG_ENABLE_MODULES = YES;
				CLANG_ENABLE_OBJC_ARC = YES;
				CLANG_ENABLE_OBJC_WEAK = YES;
				CLANG_WARN_BLOCK_CAPTURE_AUTORELEASING = YES;
				CLANG_WARN_BOOL_CONVERSION = YES;
				CLANG_WARN_COMMA = YES;
				CLANG_WARN_CONSTANT_CONVERSION = YES;
				CLANG_WARN_DEPRECATED_OBJC_IMPLEMENTATIONS = YES;
				CLANG_WARN_DIRECT_OBJC_ISA_USAGE = YES_ERROR;
				CLANG_WARN_DOCUMENTATION_COMMENTS = YES;
				CLANG_WARN_EMPTY_BODY = YES;
				CLANG_WARN_ENUM_CONVERSION = YES;
				CLANG_WARN_INFINITE_RECURSION = YES;
				CLANG_WARN_INT_CONVERSION = YES;
				CLANG_WARN_NON_LITERAL_NULL_CONVERSION = YES;
				CLANG_WARN_OBJC_IMPLICIT_RETAIN_SELF = YES;
				CLANG_WARN_OBJC_LITERAL_CONVERSION = YES;
				CLANG_WARN_OBJC_ROOT_CLASS = YES_ERROR;
				CLANG_WARN_QUOTED_INCLUDE_IN_FRAMEWORK_HEADER = YES;
				CLANG_WARN_RANGE_LOOP_ANALYSIS = YES;
				CLANG_WARN_STRICT_PROTOTYPES = YES;
				CLANG_WARN_SUSPICIOUS_MOVE = YES;
				CLANG_WARN_UNGUARDED_AVAILABILITY = YES_AGGRESSIVE;
				CLANG_WARN_UNREACHABLE_CODE = YES;
				CLANG_WARN__DUPLICATE_METHOD_MATCH = YES;
				COPY_PHASE_STRIP = NO;
				DEBUG_INFORMATION_FORMAT = dwarf;
				ENABLE_STRICT_OBJC_MSGSEND = YES;
				ENABLE_TESTABILITY = YES;
				GCC_C_LANGUAGE_STANDARD = gnu11;
				GCC_DYNAMIC_NO_PIC = NO;
				GCC_NO_COMMON_BLOCKS = YES;
				GCC_OPTIMIZATION_LEVEL = 0;
				GCC_PREPROCESSOR_DEFINITIONS = (
					"DEBUG=1",
					"$(inherited)",
				);
				GCC_WARN_64_TO_32_BIT_CONVERSION = YES;
				GCC_WARN_ABOUT_RETURN_TYPE = YES_ERROR;
				GCC_WARN_UNDECLARED_SELECTOR = YES;
				GCC_WARN_UNINITIALIZED_AUTOS = YES_AGGRESSIVE;
				GCC_WARN_UNUSED_FUNCTION = YES;
				GCC_WARN_UNUSED_VARIABLE = YES;
				IPHONEOS_DEPLOYMENT_TARGET = 15.4;
				MTL_ENABLE_DEBUG_INFO = INCLUDE_SOURCE;
				MTL_FAST_MATH = YES;
				ONLY_ACTIVE_ARCH = YES;
				SDKROOT = iphoneos;
				SWIFT_ACTIVE_COMPILATION_CONDITIONS = DEBUG;
				SWIFT_OPTIMIZATION_LEVEL = "-Onone";
			};
			name = Debug;
		};
		BC50B1D4283387B6002E969E /* Release */ = {
			isa = XCBuildConfiguration;
			buildSettings = {
				ALWAYS_SEARCH_USER_PATHS = NO;
				CLANG_ANALYZER_NONNULL = YES;
				CLANG_ANALYZER_NUMBER_OBJECT_CONVERSION = YES_AGGRESSIVE;
				CLANG_CXX_LANGUAGE_STANDARD = "gnu++17";
				CLANG_ENABLE_MODULES = YES;
				CLANG_ENABLE_OBJC_ARC = YES;
				CLANG_ENABLE_OBJC_WEAK = YES;
				CLANG_WARN_BLOCK_CAPTURE_AUTORELEASING = YES;
				CLANG_WARN_BOOL_CONVERSION = YES;
				CLANG_WARN_COMMA = YES;
				CLANG_WARN_CONSTANT_CONVERSION = YES;
				CLANG_WARN_DEPRECATED_OBJC_IMPLEMENTATIONS = YES;
				CLANG_WARN_DIRECT_OBJC_ISA_USAGE = YES_ERROR;
				CLANG_WARN_DOCUMENTATION_COMMENTS = YES;
				CLANG_WARN_EMPTY_BODY = YES;
				CLANG_WARN_ENUM_CONVERSION = YES;
				CLANG_WARN_INFINITE_RECURSION = YES;
				CLANG_WARN_INT_CONVERSION = YES;
				CLANG_WARN_NON_LITERAL_NULL_CONVERSION = YES;
				CLANG_WARN_OBJC_IMPLICIT_RETAIN_SELF = YES;
				CLANG_WARN_OBJC_LITERAL_CONVERSION = YES;
				CLANG_WARN_OBJC_ROOT_CLASS = YES_ERROR;
				CLANG_WARN_QUOTED_INCLUDE_IN_FRAMEWORK_HEADER = YES;
				CLANG_WARN_RANGE_LOOP_ANALYSIS = YES;
				CLANG_WARN_STRICT_PROTOTYPES = YES;
				CLANG_WARN_SUSPICIOUS_MOVE = YES;
				CLANG_WARN_UNGUARDED_AVAILABILITY = YES_AGGRESSIVE;
				CLANG_WARN_UNREACHABLE_CODE = YES;
				CLANG_WARN__DUPLICATE_METHOD_MATCH = YES;
				COPY_PHASE_STRIP = NO;
				DEBUG_INFORMATION_FORMAT = "dwarf-with-dsym";
				ENABLE_NS_ASSERTIONS = NO;
				ENABLE_STRICT_OBJC_MSGSEND = YES;
				GCC_C_LANGUAGE_STANDARD = gnu11;
				GCC_NO_COMMON_BLOCKS = YES;
				GCC_WARN_64_TO_32_BIT_CONVERSION = YES;
				GCC_WARN_ABOUT_RETURN_TYPE = YES_ERROR;
				GCC_WARN_UNDECLARED_SELECTOR = YES;
				GCC_WARN_UNINITIALIZED_AUTOS = YES_AGGRESSIVE;
				GCC_WARN_UNUSED_FUNCTION = YES;
				GCC_WARN_UNUSED_VARIABLE = YES;
				IPHONEOS_DEPLOYMENT_TARGET = 15.4;
				MTL_ENABLE_DEBUG_INFO = NO;
				MTL_FAST_MATH = YES;
				SDKROOT = iphoneos;
				SWIFT_COMPILATION_MODE = wholemodule;
				SWIFT_OPTIMIZATION_LEVEL = "-O";
				VALIDATE_PRODUCT = YES;
			};
			name = Release;
		};
		BC50B1D6283387B6002E969E /* Debug */ = {
			isa = XCBuildConfiguration;
			buildSettings = {
				ASSETCATALOG_COMPILER_APPICON_NAME = AppIcon;
				ASSETCATALOG_COMPILER_GLOBAL_ACCENT_COLOR_NAME = AccentColor;
				CODE_SIGN_STYLE = Automatic;
				CURRENT_PROJECT_VERSION = 1;
				DEVELOPMENT_ASSET_PATHS = "\"PaceKeeper/Preview Content\"";
				DEVELOPMENT_TEAM = 664P5JW26B;
				ENABLE_PREVIEWS = YES;
				GENERATE_INFOPLIST_FILE = YES;
				INFOPLIST_FILE = PaceKeeper/Info.plist;
				INFOPLIST_KEY_NSLocationWhenInUseUsageDescription = "움직인 거리를 측정하기 위해 현재 위치 정보를 이용합니다.";
				INFOPLIST_KEY_UIApplicationSceneManifest_Generation = YES;
				INFOPLIST_KEY_UIApplicationSupportsIndirectInputEvents = YES;
				INFOPLIST_KEY_UILaunchScreen_Generation = YES;
				INFOPLIST_KEY_UISupportedInterfaceOrientations_iPad = "UIInterfaceOrientationPortrait UIInterfaceOrientationPortraitUpsideDown UIInterfaceOrientationLandscapeLeft UIInterfaceOrientationLandscapeRight";
				INFOPLIST_KEY_UISupportedInterfaceOrientations_iPhone = "UIInterfaceOrientationPortrait UIInterfaceOrientationLandscapeLeft UIInterfaceOrientationLandscapeRight";
				LD_RUNPATH_SEARCH_PATHS = (
					"$(inherited)",
					"@executable_path/Frameworks",
				);
				MARKETING_VERSION = 1.0;
				PRODUCT_BUNDLE_IDENTIFIER = com.dophi.PaceKeeper;
				PRODUCT_NAME = "$(TARGET_NAME)";
				SWIFT_EMIT_LOC_STRINGS = YES;
				SWIFT_VERSION = 5.0;
				TARGETED_DEVICE_FAMILY = "1,2";
			};
			name = Debug;
		};
		BC50B1D7283387B6002E969E /* Release */ = {
			isa = XCBuildConfiguration;
			buildSettings = {
				ASSETCATALOG_COMPILER_APPICON_NAME = AppIcon;
				ASSETCATALOG_COMPILER_GLOBAL_ACCENT_COLOR_NAME = AccentColor;
				CODE_SIGN_STYLE = Automatic;
				CURRENT_PROJECT_VERSION = 1;
				DEVELOPMENT_ASSET_PATHS = "\"PaceKeeper/Preview Content\"";
				DEVELOPMENT_TEAM = 664P5JW26B;
				ENABLE_PREVIEWS = YES;
				GENERATE_INFOPLIST_FILE = YES;
				INFOPLIST_FILE = PaceKeeper/Info.plist;
				INFOPLIST_KEY_NSLocationWhenInUseUsageDescription = "움직인 거리를 측정하기 위해 현재 위치 정보를 이용합니다.";
				INFOPLIST_KEY_UIApplicationSceneManifest_Generation = YES;
				INFOPLIST_KEY_UIApplicationSupportsIndirectInputEvents = YES;
				INFOPLIST_KEY_UILaunchScreen_Generation = YES;
				INFOPLIST_KEY_UISupportedInterfaceOrientations_iPad = "UIInterfaceOrientationPortrait UIInterfaceOrientationPortraitUpsideDown UIInterfaceOrientationLandscapeLeft UIInterfaceOrientationLandscapeRight";
				INFOPLIST_KEY_UISupportedInterfaceOrientations_iPhone = "UIInterfaceOrientationPortrait UIInterfaceOrientationLandscapeLeft UIInterfaceOrientationLandscapeRight";
				LD_RUNPATH_SEARCH_PATHS = (
					"$(inherited)",
					"@executable_path/Frameworks",
				);
				MARKETING_VERSION = 1.0;
				PRODUCT_BUNDLE_IDENTIFIER = com.dophi.PaceKeeper;
				PRODUCT_NAME = "$(TARGET_NAME)";
				SWIFT_EMIT_LOC_STRINGS = YES;
				SWIFT_VERSION = 5.0;
				TARGETED_DEVICE_FAMILY = "1,2";
			};
			name = Release;
		};
/* End XCBuildConfiguration section */

/* Begin XCConfigurationList section */
		BC50B1C2283387B1002E969E /* Build configuration list for PBXProject "PaceKeeper" */ = {
			isa = XCConfigurationList;
			buildConfigurations = (
				BC50B1D3283387B6002E969E /* Debug */,
				BC50B1D4283387B6002E969E /* Release */,
			);
			defaultConfigurationIsVisible = 0;
			defaultConfigurationName = Release;
		};
		BC50B1D5283387B6002E969E /* Build configuration list for PBXNativeTarget "PaceKeeper" */ = {
			isa = XCConfigurationList;
			buildConfigurations = (
				BC50B1D6283387B6002E969E /* Debug */,
				BC50B1D7283387B6002E969E /* Release */,
			);
			defaultConfigurationIsVisible = 0;
			defaultConfigurationName = Release;
		};
/* End XCConfigurationList section */

/* Begin XCRemoteSwiftPackageReference section */
		BC50B1E128370F63002E969E /* XCRemoteSwiftPackageReference "PopupView" */ = {
			isa = XCRemoteSwiftPackageReference;
			repositoryURL = "https://github.com/exyte/PopupView.git";
			requirement = {
				branch = master;
				kind = branch;
			};
		};
		BC9E400928458F8900AC5E77 /* XCRemoteSwiftPackageReference "Charts" */ = {
			isa = XCRemoteSwiftPackageReference;
			repositoryURL = "https://github.com/danielgindi/Charts";
			requirement = {
				kind = upToNextMajorVersion;
				minimumVersion = 3.0.0;
			};
		};
/* End XCRemoteSwiftPackageReference section */

/* Begin XCSwiftPackageProductDependency section */
		BC50B1E228370F63002E969E /* PopupView */ = {
			isa = XCSwiftPackageProductDependency;
			package = BC50B1E128370F63002E969E /* XCRemoteSwiftPackageReference "PopupView" */;
			productName = PopupView;
		};
		BC9E400A28458F8900AC5E77 /* Charts */ = {
			isa = XCSwiftPackageProductDependency;
			package = BC9E400928458F8900AC5E77 /* XCRemoteSwiftPackageReference "Charts" */;
			productName = Charts;
		};
/* End XCSwiftPackageProductDependency section */
	};
	rootObject = BC50B1BF283387B1002E969E /* Project object */;
}
